// !$*UTF8*$!
{
	archiveVersion = 1;
	classes = {
	};
	objectVersion = 50;
	objects = {

/* Begin PBXBuildFile section */
		5C98CFC7250203A800DA2CA4 /* AppDelegate.swift in Sources */ = {isa = PBXBuildFile; fileRef = 5C98CFC6250203A800DA2CA4 /* AppDelegate.swift */; };
		5C98CFC9250203A800DA2CA4 /* SceneDelegate.swift in Sources */ = {isa = PBXBuildFile; fileRef = 5C98CFC8250203A800DA2CA4 /* SceneDelegate.swift */; };
		5C98CFCB250203A800DA2CA4 /* ContentView.swift in Sources */ = {isa = PBXBuildFile; fileRef = 5C98CFCA250203A800DA2CA4 /* ContentView.swift */; };
		5C98CFCD250203A900DA2CA4 /* Assets.xcassets in Resources */ = {isa = PBXBuildFile; fileRef = 5C98CFCC250203A900DA2CA4 /* Assets.xcassets */; };
		5C98CFD0250203A900DA2CA4 /* Preview Assets.xcassets in Resources */ = {isa = PBXBuildFile; fileRef = 5C98CFCF250203A900DA2CA4 /* Preview Assets.xcassets */; };
		5C98CFD3250203A900DA2CA4 /* LaunchScreen.storyboard in Resources */ = {isa = PBXBuildFile; fileRef = 5C98CFD1250203A900DA2CA4 /* LaunchScreen.storyboard */; };
		5C98CFDE250203A900DA2CA4 /* BookmarkSwiftUITests.swift in Sources */ = {isa = PBXBuildFile; fileRef = 5C98CFDD250203A900DA2CA4 /* BookmarkSwiftUITests.swift */; };
		5C98CFE9250203A900DA2CA4 /* BookmarkSwiftUIUITests.swift in Sources */ = {isa = PBXBuildFile; fileRef = 5C98CFE8250203A900DA2CA4 /* BookmarkSwiftUIUITests.swift */; };
/* End PBXBuildFile section */

/* Begin PBXContainerItemProxy section */
		5C98CFDA250203A900DA2CA4 /* PBXContainerItemProxy */ = {
			isa = PBXContainerItemProxy;
			containerPortal = 5C98CFBB250203A800DA2CA4 /* Project object */;
			proxyType = 1;
			remoteGlobalIDString = 5C98CFC2250203A800DA2CA4;
			remoteInfo = BookmarkSwiftUI;
		};
		5C98CFE5250203A900DA2CA4 /* PBXContainerItemProxy */ = {
			isa = PBXContainerItemProxy;
			containerPortal = 5C98CFBB250203A800DA2CA4 /* Project object */;
			proxyType = 1;
			remoteGlobalIDString = 5C98CFC2250203A800DA2CA4;
			remoteInfo = BookmarkSwiftUI;
		};
/* End PBXContainerItemProxy section */

/* Begin PBXFileReference section */
		5C98CFC3250203A800DA2CA4 /* BookmarkSwiftUI.app */ = {isa = PBXFileReference; explicitFileType = wrapper.application; includeInIndex = 0; path = BookmarkSwiftUI.app; sourceTree = BUILT_PRODUCTS_DIR; };
		5C98CFC6250203A800DA2CA4 /* AppDelegate.swift */ = {isa = PBXFileReference; lastKnownFileType = sourcecode.swift; path = AppDelegate.swift; sourceTree = "<group>"; };
		5C98CFC8250203A800DA2CA4 /* SceneDelegate.swift */ = {isa = PBXFileReference; lastKnownFileType = sourcecode.swift; path = SceneDelegate.swift; sourceTree = "<group>"; };
		5C98CFCA250203A800DA2CA4 /* ContentView.swift */ = {isa = PBXFileReference; lastKnownFileType = sourcecode.swift; path = ContentView.swift; sourceTree = "<group>"; };
		5C98CFCC250203A900DA2CA4 /* Assets.xcassets */ = {isa = PBXFileReference; lastKnownFileType = folder.assetcatalog; path = Assets.xcassets; sourceTree = "<group>"; };
		5C98CFCF250203A900DA2CA4 /* Preview Assets.xcassets */ = {isa = PBXFileReference; lastKnownFileType = folder.assetcatalog; path = "Preview Assets.xcassets"; sourceTree = "<group>"; };
		5C98CFD2250203A900DA2CA4 /* Base */ = {isa = PBXFileReference; lastKnownFileType = file.storyboard; name = Base; path = Base.lproj/LaunchScreen.storyboard; sourceTree = "<group>"; };
		5C98CFD4250203A900DA2CA4 /* Info.plist */ = {isa = PBXFileReference; lastKnownFileType = text.plist.xml; path = Info.plist; sourceTree = "<group>"; };
		5C98CFD9250203A900DA2CA4 /* BookmarkSwiftUITests.xctest */ = {isa = PBXFileReference; explicitFileType = wrapper.cfbundle; includeInIndex = 0; path = BookmarkSwiftUITests.xctest; sourceTree = BUILT_PRODUCTS_DIR; };
		5C98CFDD250203A900DA2CA4 /* BookmarkSwiftUITests.swift */ = {isa = PBXFileReference; lastKnownFileType = sourcecode.swift; path = BookmarkSwiftUITests.swift; sourceTree = "<group>"; };
		5C98CFDF250203A900DA2CA4 /* Info.plist */ = {isa = PBXFileReference; lastKnownFileType = text.plist.xml; path = Info.plist; sourceTree = "<group>"; };
		5C98CFE4250203A900DA2CA4 /* BookmarkSwiftUIUITests.xctest */ = {isa = PBXFileReference; explicitFileType = wrapper.cfbundle; includeInIndex = 0; path = BookmarkSwiftUIUITests.xctest; sourceTree = BUILT_PRODUCTS_DIR; };
		5C98CFE8250203A900DA2CA4 /* BookmarkSwiftUIUITests.swift */ = {isa = PBXFileReference; lastKnownFileType = sourcecode.swift; path = BookmarkSwiftUIUITests.swift; sourceTree = "<group>"; };
		5C98CFEA250203A900DA2CA4 /* Info.plist */ = {isa = PBXFileReference; lastKnownFileType = text.plist.xml; path = Info.plist; sourceTree = "<group>"; };
/* End PBXFileReference section */

/* Begin PBXFrameworksBuildPhase section */
		5C98CFC0250203A800DA2CA4 /* Frameworks */ = {
			isa = PBXFrameworksBuildPhase;
			buildActionMask = 2147483647;
			files = (
			);
			runOnlyForDeploymentPostprocessing = 0;
		};
		5C98CFD6250203A900DA2CA4 /* Frameworks */ = {
			isa = PBXFrameworksBuildPhase;
			buildActionMask = 2147483647;
			files = (
			);
			runOnlyForDeploymentPostprocessing = 0;
		};
		5C98CFE1250203A900DA2CA4 /* Frameworks */ = {
			isa = PBXFrameworksBuildPhase;
			buildActionMask = 2147483647;
			files = (
			);
			runOnlyForDeploymentPostprocessing = 0;
		};
/* End PBXFrameworksBuildPhase section */

/* Begin PBXGroup section */
		5C98CFBA250203A800DA2CA4 = {
			isa = PBXGroup;
			children = (
				5C98CFC5250203A800DA2CA4 /* BookmarkSwiftUI */,
				5C98CFDC250203A900DA2CA4 /* BookmarkSwiftUITests */,
				5C98CFE7250203A900DA2CA4 /* BookmarkSwiftUIUITests */,
				5C98CFC4250203A800DA2CA4 /* Products */,
			);
			sourceTree = "<group>";
		};
		5C98CFC4250203A800DA2CA4 /* Products */ = {
			isa = PBXGroup;
			children = (
				5C98CFC3250203A800DA2CA4 /* BookmarkSwiftUI.app */,
				5C98CFD9250203A900DA2CA4 /* BookmarkSwiftUITests.xctest */,
				5C98CFE4250203A900DA2CA4 /* BookmarkSwiftUIUITests.xctest */,
			);
			name = Products;
			sourceTree = "<group>";
		};
		5C98CFC5250203A800DA2CA4 /* BookmarkSwiftUI */ = {
			isa = PBXGroup;
			children = (
				5C98CFC6250203A800DA2CA4 /* AppDelegate.swift */,
				5C98CFC8250203A800DA2CA4 /* SceneDelegate.swift */,
				5C98CFCA250203A800DA2CA4 /* ContentView.swift */,
				5C98CFCC250203A900DA2CA4 /* Assets.xcassets */,
				5C98CFD1250203A900DA2CA4 /* LaunchScreen.storyboard */,
				5C98CFD4250203A900DA2CA4 /* Info.plist */,
				5C98CFCE250203A900DA2CA4 /* Preview Content */,
			);
			path = BookmarkSwiftUI;
			sourceTree = "<group>";
		};
		5C98CFCE250203A900DA2CA4 /* Preview Content */ = {
			isa = PBXGroup;
			children = (
				5C98CFCF250203A900DA2CA4 /* Preview Assets.xcassets */,
			);
			path = "Preview Content";
			sourceTree = "<group>";
		};
		5C98CFDC250203A900DA2CA4 /* BookmarkSwiftUITests */ = {
			isa = PBXGroup;
			children = (
				5C98CFDD250203A900DA2CA4 /* BookmarkSwiftUITests.swift */,
				5C98CFDF250203A900DA2CA4 /* Info.plist */,
			);
			path = BookmarkSwiftUITests;
			sourceTree = "<group>";
		};
		5C98CFE7250203A900DA2CA4 /* BookmarkSwiftUIUITests */ = {
			isa = PBXGroup;
			children = (
				5C98CFE8250203A900DA2CA4 /* BookmarkSwiftUIUITests.swift */,
				5C98CFEA250203A900DA2CA4 /* Info.plist */,
			);
			path = BookmarkSwiftUIUITests;
			sourceTree = "<group>";
		};
/* End PBXGroup section */

/* Begin PBXNativeTarget section */
		5C98CFC2250203A800DA2CA4 /* BookmarkSwiftUI */ = {
			isa = PBXNativeTarget;
			buildConfigurationList = 5C98CFED250203A900DA2CA4 /* Build configuration list for PBXNativeTarget "BookmarkSwiftUI" */;
			buildPhases = (
				5C98CFBF250203A800DA2CA4 /* Sources */,
				5C98CFC0250203A800DA2CA4 /* Frameworks */,
				5C98CFC1250203A800DA2CA4 /* Resources */,
			);
			buildRules = (
			);
			dependencies = (
			);
			name = BookmarkSwiftUI;
			productName = BookmarkSwiftUI;
			productReference = 5C98CFC3250203A800DA2CA4 /* BookmarkSwiftUI.app */;
			productType = "com.apple.product-type.application";
		};
		5C98CFD8250203A900DA2CA4 /* BookmarkSwiftUITests */ = {
			isa = PBXNativeTarget;
			buildConfigurationList = 5C98CFF0250203A900DA2CA4 /* Build configuration list for PBXNativeTarget "BookmarkSwiftUITests" */;
			buildPhases = (
				5C98CFD5250203A900DA2CA4 /* Sources */,
				5C98CFD6250203A900DA2CA4 /* Frameworks */,
				5C98CFD7250203A900DA2CA4 /* Resources */,
			);
			buildRules = (
			);
			dependencies = (
				5C98CFDB250203A900DA2CA4 /* PBXTargetDependency */,
			);
			name = BookmarkSwiftUITests;
			productName = BookmarkSwiftUITests;
			productReference = 5C98CFD9250203A900DA2CA4 /* BookmarkSwiftUITests.xctest */;
			productType = "com.apple.product-type.bundle.unit-test";
		};
		5C98CFE3250203A900DA2CA4 /* BookmarkSwiftUIUITests */ = {
			isa = PBXNativeTarget;
			buildConfigurationList = 5C98CFF3250203A900DA2CA4 /* Build configuration list for PBXNativeTarget "BookmarkSwiftUIUITests" */;
			buildPhases = (
				5C98CFE0250203A900DA2CA4 /* Sources */,
				5C98CFE1250203A900DA2CA4 /* Frameworks */,
				5C98CFE2250203A900DA2CA4 /* Resources */,
			);
			buildRules = (
			);
			dependencies = (
				5C98CFE6250203A900DA2CA4 /* PBXTargetDependency */,
			);
			name = BookmarkSwiftUIUITests;
			productName = BookmarkSwiftUIUITests;
			productReference = 5C98CFE4250203A900DA2CA4 /* BookmarkSwiftUIUITests.xctest */;
			productType = "com.apple.product-type.bundle.ui-testing";
		};
/* End PBXNativeTarget section */

/* Begin PBXProject section */
		5C98CFBB250203A800DA2CA4 /* Project object */ = {
			isa = PBXProject;
			attributes = {
				LastSwiftUpdateCheck = 1150;
				LastUpgradeCheck = 1150;
				ORGANIZATIONNAME = "Shreyas Vilaschandra Bhike";
				TargetAttributes = {
					5C98CFC2250203A800DA2CA4 = {
						CreatedOnToolsVersion = 11.5;
					};
					5C98CFD8250203A900DA2CA4 = {
						CreatedOnToolsVersion = 11.5;
						TestTargetID = 5C98CFC2250203A800DA2CA4;
					};
					5C98CFE3250203A900DA2CA4 = {
						CreatedOnToolsVersion = 11.5;
						TestTargetID = 5C98CFC2250203A800DA2CA4;
					};
				};
			};
			buildConfigurationList = 5C98CFBE250203A800DA2CA4 /* Build configuration list for PBXProject "BookmarkSwiftUI" */;
			compatibilityVersion = "Xcode 9.3";
			developmentRegion = en;
			hasScannedForEncodings = 0;
			knownRegions = (
				en,
				Base,
			);
			mainGroup = 5C98CFBA250203A800DA2CA4;
			productRefGroup = 5C98CFC4250203A800DA2CA4 /* Products */;
			projectDirPath = "";
			projectRoot = "";
			targets = (
				5C98CFC2250203A800DA2CA4 /* BookmarkSwiftUI */,
				5C98CFD8250203A900DA2CA4 /* BookmarkSwiftUITests */,
				5C98CFE3250203A900DA2CA4 /* BookmarkSwiftUIUITests */,
			);
		};
/* End PBXProject section */

/* Begin PBXResourcesBuildPhase section */
		5C98CFC1250203A800DA2CA4 /* Resources */ = {
			isa = PBXResourcesBuildPhase;
			buildActionMask = 2147483647;
			files = (
				5C98CFD3250203A900DA2CA4 /* LaunchScreen.storyboard in Resources */,
				5C98CFD0250203A900DA2CA4 /* Preview Assets.xcassets in Resources */,
				5C98CFCD250203A900DA2CA4 /* Assets.xcassets in Resources */,
			);
			runOnlyForDeploymentPostprocessing = 0;
		};
		5C98CFD7250203A900DA2CA4 /* Resources */ = {
			isa = PBXResourcesBuildPhase;
			buildActionMask = 2147483647;
			files = (
			);
			runOnlyForDeploymentPostprocessing = 0;
		};
		5C98CFE2250203A900DA2CA4 /* Resources */ = {
			isa = PBXResourcesBuildPhase;
			buildActionMask = 2147483647;
			files = (
			);
			runOnlyForDeploymentPostprocessing = 0;
		};
/* End PBXResourcesBuildPhase section */

/* Begin PBXSourcesBuildPhase section */
		5C98CFBF250203A800DA2CA4 /* Sources */ = {
			isa = PBXSourcesBuildPhase;
			buildActionMask = 2147483647;
			files = (
				5C98CFC7250203A800DA2CA4 /* AppDelegate.swift in Sources */,
				5C98CFC9250203A800DA2CA4 /* SceneDelegate.swift in Sources */,
				5C98CFCB250203A800DA2CA4 /* ContentView.swift in Sources */,
			);
			runOnlyForDeploymentPostprocessing = 0;
		};
		5C98CFD5250203A900DA2CA4 /* Sources */ = {
			isa = PBXSourcesBuildPhase;
			buildActionMask = 2147483647;
			files = (
				5C98CFDE250203A900DA2CA4 /* BookmarkSwiftUITests.swift in Sources */,
			);
			runOnlyForDeploymentPostprocessing = 0;
		};
		5C98CFE0250203A900DA2CA4 /* Sources */ = {
			isa = PBXSourcesBuildPhase;
			buildActionMask = 2147483647;
			files = (
				5C98CFE9250203A900DA2CA4 /* BookmarkSwiftUIUITests.swift in Sources */,
			);
			runOnlyForDeploymentPostprocessing = 0;
		};
/* End PBXSourcesBuildPhase section */

/* Begin PBXTargetDependency section */
		5C98CFDB250203A900DA2CA4 /* PBXTargetDependency */ = {
			isa = PBXTargetDependency;
			target = 5C98CFC2250203A800DA2CA4 /* BookmarkSwiftUI */;
			targetProxy = 5C98CFDA250203A900DA2CA4 /* PBXContainerItemProxy */;
		};
		5C98CFE6250203A900DA2CA4 /* PBXTargetDependency */ = {
			isa = PBXTargetDependency;
			target = 5C98CFC2250203A800DA2CA4 /* BookmarkSwiftUI */;
			targetProxy = 5C98CFE5250203A900DA2CA4 /* PBXContainerItemProxy */;
		};
/* End PBXTargetDependency section */

/* Begin PBXVariantGroup section */
		5C98CFD1250203A900DA2CA4 /* LaunchScreen.storyboard */ = {
			isa = PBXVariantGroup;
			children = (
				5C98CFD2250203A900DA2CA4 /* Base */,
			);
			name = LaunchScreen.storyboard;
			sourceTree = "<group>";
		};
/* End PBXVariantGroup section */

/* Begin XCBuildConfiguration section */
		5C98CFEB250203A900DA2CA4 /* Debug */ = {
			isa = XCBuildConfiguration;
			buildSettings = {
				ALWAYS_SEARCH_USER_PATHS = NO;
				CLANG_ANALYZER_NONNULL = YES;
				CLANG_ANALYZER_NUMBER_OBJECT_CONVERSION = YES_AGGRESSIVE;
				CLANG_CXX_LANGUAGE_STANDARD = "gnu++14";
				CLANG_CXX_LIBRARY = "libc++";
				CLANG_ENABLE_MODULES = YES;
				CLANG_ENABLE_OBJC_ARC = YES;
				CLANG_ENABLE_OBJC_WEAK = YES;
				CLANG_WARN_BLOCK_CAPTURE_AUTORELEASING = YES;
				CLANG_WARN_BOOL_CONVERSION = YES;
				CLANG_WARN_COMMA = YES;
				CLANG_WARN_CONSTANT_CONVERSION = YES;
				CLANG_WARN_DEPRECATED_OBJC_IMPLEMENTATIONS = YES;
				CLANG_WARN_DIRECT_OBJC_ISA_USAGE = YES_ERROR;
				CLANG_WARN_DOCUMENTATION_COMMENTS = YES;
				CLANG_WARN_EMPTY_BODY = YES;
				CLANG_WARN_ENUM_CONVERSION = YES;
				CLANG_WARN_INFINITE_RECURSION = YES;
				CLANG_WARN_INT_CONVERSION = YES;
				CLANG_WARN_NON_LITERAL_NULL_CONVERSION = YES;
				CLANG_WARN_OBJC_IMPLICIT_RETAIN_SELF = YES;
				CLANG_WARN_OBJC_LITERAL_CONVERSION = YES;
				CLANG_WARN_OBJC_ROOT_CLASS = YES_ERROR;
				CLANG_WARN_RANGE_LOOP_ANALYSIS = YES;
				CLANG_WARN_STRICT_PROTOTYPES = YES;
				CLANG_WARN_SUSPICIOUS_MOVE = YES;
				CLANG_WARN_UNGUARDED_AVAILABILITY = YES_AGGRESSIVE;
				CLANG_WARN_UNREACHABLE_CODE = YES;
				CLANG_WARN__DUPLICATE_METHOD_MATCH = YES;
				COPY_PHASE_STRIP = NO;
				DEBUG_INFORMATION_FORMAT = dwarf;
				ENABLE_STRICT_OBJC_MSGSEND = YES;
				ENABLE_TESTABILITY = YES;
				GCC_C_LANGUAGE_STANDARD = gnu11;
				GCC_DYNAMIC_NO_PIC = NO;
				GCC_NO_COMMON_BLOCKS = YES;
				GCC_OPTIMIZATION_LEVEL = 0;
				GCC_PREPROCESSOR_DEFINITIONS = (
					"DEBUG=1",
					"$(inherited)",
				);
				GCC_WARN_64_TO_32_BIT_CONVERSION = YES;
				GCC_WARN_ABOUT_RETURN_TYPE = YES_ERROR;
				GCC_WARN_UNDECLARED_SELECTOR = YES;
				GCC_WARN_UNINITIALIZED_AUTOS = YES_AGGRESSIVE;
				GCC_WARN_UNUSED_FUNCTION = YES;
				GCC_WARN_UNUSED_VARIABLE = YES;
				IPHONEOS_DEPLOYMENT_TARGET = 13.5;
				MTL_ENABLE_DEBUG_INFO = INCLUDE_SOURCE;
				MTL_FAST_MATH = YES;
				ONLY_ACTIVE_ARCH = YES;
				SDKROOT = iphoneos;
				SWIFT_ACTIVE_COMPILATION_CONDITIONS = DEBUG;
				SWIFT_OPTIMIZATION_LEVEL = "-Onone";
			};
			name = Debug;
		};
		5C98CFEC250203A900DA2CA4 /* Release */ = {
			isa = XCBuildConfiguration;
			buildSettings = {
				ALWAYS_SEARCH_USER_PATHS = NO;
				CLANG_ANALYZER_NONNULL = YES;
				CLANG_ANALYZER_NUMBER_OBJECT_CONVERSION = YES_AGGRESSIVE;
				CLANG_CXX_LANGUAGE_STANDARD = "gnu++14";
				CLANG_CXX_LIBRARY = "libc++";
				CLANG_ENABLE_MODULES = YES;
				CLANG_ENABLE_OBJC_ARC = YES;
				CLANG_ENABLE_OBJC_WEAK = YES;
				CLANG_WARN_BLOCK_CAPTURE_AUTORELEASING = YES;
				CLANG_WARN_BOOL_CONVERSION = YES;
				CLANG_WARN_COMMA = YES;
				CLANG_WARN_CONSTANT_CONVERSION = YES;
				CLANG_WARN_DEPRECATED_OBJC_IMPLEMENTATIONS = YES;
				CLANG_WARN_DIRECT_OBJC_ISA_USAGE = YES_ERROR;
				CLANG_WARN_DOCUMENTATION_COMMENTS = YES;
				CLANG_WARN_EMPTY_BODY = YES;
				CLANG_WARN_ENUM_CONVERSION = YES;
				CLANG_WARN_INFINITE_RECURSION = YES;
				CLANG_WARN_INT_CONVERSION = YES;
				CLANG_WARN_NON_LITERAL_NULL_CONVERSION = YES;
				CLANG_WARN_OBJC_IMPLICIT_RETAIN_SELF = YES;
				CLANG_WARN_OBJC_LITERAL_CONVERSION = YES;
				CLANG_WARN_OBJC_ROOT_CLASS = YES_ERROR;
				CLANG_WARN_RANGE_LOOP_ANALYSIS = YES;
				CLANG_WARN_STRICT_PROTOTYPES = YES;
				CLANG_WARN_SUSPICIOUS_MOVE = YES;
				CLANG_WARN_UNGUARDED_AVAILABILITY = YES_AGGRESSIVE;
				CLANG_WARN_UNREACHABLE_CODE = YES;
				CLANG_WARN__DUPLICATE_METHOD_MATCH = YES;
				COPY_PHASE_STRIP = NO;
				DEBUG_INFORMATION_FORMAT = "dwarf-with-dsym";
				ENABLE_NS_ASSERTIONS = NO;
				ENABLE_STRICT_OBJC_MSGSEND = YES;
				GCC_C_LANGUAGE_STANDARD = gnu11;
				GCC_NO_COMMON_BLOCKS = YES;
				GCC_WARN_64_TO_32_BIT_CONVERSION = YES;
				GCC_WARN_ABOUT_RETURN_TYPE = YES_ERROR;
				GCC_WARN_UNDECLARED_SELECTOR = YES;
				GCC_WARN_UNINITIALIZED_AUTOS = YES_AGGRESSIVE;
				GCC_WARN_UNUSED_FUNCTION = YES;
				GCC_WARN_UNUSED_VARIABLE = YES;
				IPHONEOS_DEPLOYMENT_TARGET = 13.5;
				MTL_ENABLE_DEBUG_INFO = NO;
				MTL_FAST_MATH = YES;
				SDKROOT = iphoneos;
				SWIFT_COMPILATION_MODE = wholemodule;
				SWIFT_OPTIMIZATION_LEVEL = "-O";
				VALIDATE_PRODUCT = YES;
			};
			name = Release;
		};
		5C98CFEE250203A900DA2CA4 /* Debug */ = {
			isa = XCBuildConfiguration;
			buildSettings = {
				ASSETCATALOG_COMPILER_APPICON_NAME = AppIcon;
				CODE_SIGN_STYLE = Automatic;
				DEVELOPMENT_ASSET_PATHS = "\"BookmarkSwiftUI/Preview Content\"";
				ENABLE_PREVIEWS = YES;
				INFOPLIST_FILE = BookmarkSwiftUI/Info.plist;
				LD_RUNPATH_SEARCH_PATHS = (
					"$(inherited)",
					"@executable_path/Frameworks",
				);
				PRODUCT_BUNDLE_IDENTIFIER = com.shreyasvilaschandrabhike.BookmarkSwiftUI;
				PRODUCT_NAME = "$(TARGET_NAME)";
				SWIFT_VERSION = 5.0;
				TARGETED_DEVICE_FAMILY = "1,2";
			};
			name = Debug;
		};
		5C98CFEF250203A900DA2CA4 /* Release */ = {
			isa = XCBuildConfiguration;
			buildSettings = {
				ASSETCATALOG_COMPILER_APPICON_NAME = AppIcon;
				CODE_SIGN_STYLE = Automatic;
				DEVELOPMENT_ASSET_PATHS = "\"BookmarkSwiftUI/Preview Content\"";
				ENABLE_PREVIEWS = YES;
				INFOPLIST_FILE = BookmarkSwiftUI/Info.plist;
				LD_RUNPATH_SEARCH_PATHS = (
					"$(inherited)",
					"@executable_path/Frameworks",
				);
				PRODUCT_BUNDLE_IDENTIFIER = com.shreyasvilaschandrabhike.BookmarkSwiftUI;
				PRODUCT_NAME = "$(TARGET_NAME)";
				SWIFT_VERSION = 5.0;
				TARGETED_DEVICE_FAMILY = "1,2";
			};
			name = Release;
		};
		5C98CFF1250203A900DA2CA4 /* Debug */ = {
			isa = XCBuildConfiguration;
			buildSettings = {
				ALWAYS_EMBED_SWIFT_STANDARD_LIBRARIES = YES;
				BUNDLE_LOADER = "$(TEST_HOST)";
				CODE_SIGN_STYLE = Automatic;
				INFOPLIST_FILE = BookmarkSwiftUITests/Info.plist;
				IPHONEOS_DEPLOYMENT_TARGET = 13.5;
				LD_RUNPATH_SEARCH_PATHS = (
					"$(inherited)",
					"@executable_path/Frameworks",
					"@loader_path/Frameworks",
				);
				PRODUCT_BUNDLE_IDENTIFIER = com.shreyasvilaschandrabhike.BookmarkSwiftUITests;
				PRODUCT_NAME = "$(TARGET_NAME)";
				SWIFT_VERSION = 5.0;
				TARGETED_DEVICE_FAMILY = "1,2";
				TEST_HOST = "$(BUILT_PRODUCTS_DIR)/BookmarkSwiftUI.app/BookmarkSwiftUI";
			};
			name = Debug;
		};
		5C98CFF2250203A900DA2CA4 /* Release */ = {
			isa = XCBuildConfiguration;
			buildSettings = {
				ALWAYS_EMBED_SWIFT_STANDARD_LIBRARIES = YES;
				BUNDLE_LOADER = "$(TEST_HOST)";
				CODE_SIGN_STYLE = Automatic;
				INFOPLIST_FILE = BookmarkSwiftUITests/Info.plist;
				IPHONEOS_DEPLOYMENT_TARGET = 13.5;
				LD_RUNPATH_SEARCH_PATHS = (
					"$(inherited)",
					"@executable_path/Frameworks",
					"@loader_path/Frameworks",
				);
				PRODUCT_BUNDLE_IDENTIFIER = com.shreyasvilaschandrabhike.BookmarkSwiftUITests;
				PRODUCT_NAME = "$(TARGET_NAME)";
				SWIFT_VERSION = 5.0;
				TARGETED_DEVICE_FAMILY = "1,2";
				TEST_HOST = "$(BUILT_PRODUCTS_DIR)/BookmarkSwiftUI.app/BookmarkSwiftUI";
			};
			name = Release;
		};
		5C98CFF4250203A900DA2CA4 /* Debug */ = {
			isa = XCBuildConfiguration;
			buildSettings = {
				ALWAYS_EMBED_SWIFT_STANDARD_LIBRARIES = YES;
				CODE_SIGN_STYLE = Automatic;
				INFOPLIST_FILE = BookmarkSwiftUIUITests/Info.plist;
				LD_RUNPATH_SEARCH_PATHS = (
					"$(inherited)",
					"@executable_path/Frameworks",
					"@loader_path/Frameworks",
				);
				PRODUCT_BUNDLE_IDENTIFIER = com.shreyasvilaschandrabhike.BookmarkSwiftUIUITests;
				PRODUCT_NAME = "$(TARGET_NAME)";
				SWIFT_VERSION = 5.0;
				TARGETED_DEVICE_FAMILY = "1,2";
				TEST_TARGET_NAME = BookmarkSwiftUI;
			};
			name = Debug;
		};
		5C98CFF5250203A900DA2CA4 /* Release */ = {
			isa = XCBuildConfiguration;
			buildSettings = {
				ALWAYS_EMBED_SWIFT_STANDARD_LIBRARIES = YES;
				CODE_SIGN_STYLE = Automatic;
				INFOPLIST_FILE = BookmarkSwiftUIUITests/Info.plist;
				LD_RUNPATH_SEARCH_PATHS = (
					"$(inherited)",
					"@executable_path/Frameworks",
					"@loader_path/Frameworks",
				);
				PRODUCT_BUNDLE_IDENTIFIER = com.shreyasvilaschandrabhike.BookmarkSwiftUIUITests;
				PRODUCT_NAME = "$(TARGET_NAME)";
				SWIFT_VERSION = 5.0;
				TARGETED_DEVICE_FAMILY = "1,2";
				TEST_TARGET_NAME = BookmarkSwiftUI;
			};
			name = Release;
		};
/* End XCBuildConfiguration section */

/* Begin XCConfigurationList section */
		5C98CFBE250203A800DA2CA4 /* Build configuration list for PBXProject "BookmarkSwiftUI" */ = {
			isa = XCConfigurationList;
			buildConfigurations = (
				5C98CFEB250203A900DA2CA4 /* Debug */,
				5C98CFEC250203A900DA2CA4 /* Release */,
			);
			defaultConfigurationIsVisible = 0;
			defaultConfigurationName = Release;
		};
		5C98CFED250203A900DA2CA4 /* Build configuration list for PBXNativeTarget "BookmarkSwiftUI" */ = {
			isa = XCConfigurationList;
			buildConfigurations = (
				5C98CFEE250203A900DA2CA4 /* Debug */,
				5C98CFEF250203A900DA2CA4 /* Release */,
			);
			defaultConfigurationIsVisible = 0;
			defaultConfigurationName = Release;
		};
		5C98CFF0250203A900DA2CA4 /* Build configuration list for PBXNativeTarget "BookmarkSwiftUITests" */ = {
			isa = XCConfigurationList;
			buildConfigurations = (
				5C98CFF1250203A900DA2CA4 /* Debug */,
				5C98CFF2250203A900DA2CA4 /* Release */,
			);
			defaultConfigurationIsVisible = 0;
			defaultConfigurationName = Release;
		};
		5C98CFF3250203A900DA2CA4 /* Build configuration list for PBXNativeTarget "BookmarkSwiftUIUITests" */ = {
			isa = XCConfigurationList;
			buildConfigurations = (
				5C98CFF4250203A900DA2CA4 /* Debug */,
				5C98CFF5250203A900DA2CA4 /* Release */,
			);
			defaultConfigurationIsVisible = 0;
			defaultConfigurationName = Release;
		};
/* End XCConfigurationList section */
	};
	rootObject = 5C98CFBB250203A800DA2CA4 /* Project object */;
}
